// !$*UTF8*$!
{
	archiveVersion = 1;
	classes = {
	};
	objectVersion = 50;
	objects = {

/* Begin PBXBuildFile section */
		1E05824526BD2508004934A2 /* FeedStore.swift in Sources */ = {isa = PBXBuildFile; fileRef = 1E05824426BD2508004934A2 /* FeedStore.swift */; };
		1E2B5855268319690083BB41 /* EssentialFeedAPIEndToEndTests.swift in Sources */ = {isa = PBXBuildFile; fileRef = 1E2B5854268319690083BB41 /* EssentialFeedAPIEndToEndTests.swift */; };
		1E2B5857268319690083BB41 /* EssentialFeed.framework in Frameworks */ = {isa = PBXBuildFile; fileRef = 1EC1CAD9263A95190074239B /* EssentialFeed.framework */; };
		1E2B585D26831BB60083BB41 /* XCTestCase+MemoryLeakTracking.swift in Sources */ = {isa = PBXBuildFile; fileRef = 1EC6F685267B34D500BD5175 /* XCTestCase+MemoryLeakTracking.swift */; };
		1E4316C427B1627000847F64 /* ValidateCacheUseCaseTests.swift in Sources */ = {isa = PBXBuildFile; fileRef = 1E4316C327B1627000847F64 /* ValidateCacheUseCaseTests.swift */; };
		1E49678A27D6C74300C16887 /* CodableFeedStoreTests.swift in Sources */ = {isa = PBXBuildFile; fileRef = 1E49678927D6C74300C16887 /* CodableFeedStoreTests.swift */; };
		1E4E4C7B26BBC63100ECB9E6 /* LocalFeedLoader.swift in Sources */ = {isa = PBXBuildFile; fileRef = 1E4E4C7A26BBC63100ECB9E6 /* LocalFeedLoader.swift */; };
		1E60C1FD26EBE3BA002F3F6E /* Date+ChangeTime.swift in Sources */ = {isa = PBXBuildFile; fileRef = 1E60C1FC26EBE3BA002F3F6E /* Date+ChangeTime.swift */; };
		1E65085D268DA09300B5BB21 /* ImageItem.swift in Sources */ = {isa = PBXBuildFile; fileRef = 1E65085C268DA09300B5BB21 /* ImageItem.swift */; };
		1E65085F268DA0D400B5BB21 /* FeedImageDataLoader.swift in Sources */ = {isa = PBXBuildFile; fileRef = 1E65085E268DA0D400B5BB21 /* FeedImageDataLoader.swift */; };
		1E6B9F2A26C0697F00F99DFA /* LocalFeedImage.swift in Sources */ = {isa = PBXBuildFile; fileRef = 1E6B9F2926C0697F00F99DFA /* LocalFeedImage.swift */; };
		1E6B9F2C26C069A500F99DFA /* RemoteFeedItem.swift in Sources */ = {isa = PBXBuildFile; fileRef = 1E6B9F2B26C069A500F99DFA /* RemoteFeedItem.swift */; };
		1E6B9F2E26C069C400F99DFA /* CacheFeedLoader.swift in Sources */ = {isa = PBXBuildFile; fileRef = 1E6B9F2D26C069C400F99DFA /* CacheFeedLoader.swift */; };
		1E6F11152647D917005F9F2B /* LoadFeedFromRemoteUseCaseTests.swift in Sources */ = {isa = PBXBuildFile; fileRef = 1E6F11142647D917005F9F2B /* LoadFeedFromRemoteUseCaseTests.swift */; };
		1E7733E726733A1800277C35 /* URLSessionHTTPClientTests.swift in Sources */ = {isa = PBXBuildFile; fileRef = 1E7733E626733A1800277C35 /* URLSessionHTTPClientTests.swift */; };
		1E7EE27927A6DB60006BB895 /* LocalFeedItem+TestData.swift in Sources */ = {isa = PBXBuildFile; fileRef = 1E7EE27827A6DB60006BB895 /* LocalFeedItem+TestData.swift */; };
		1E89FB8C266A788A00B1421B /* HTTPClient.swift in Sources */ = {isa = PBXBuildFile; fileRef = 1E89FB8B266A788A00B1421B /* HTTPClient.swift */; };
		1E89FB8E266A795A00B1421B /* FeedItemMapper.swift in Sources */ = {isa = PBXBuildFile; fileRef = 1E89FB8D266A795A00B1421B /* FeedItemMapper.swift */; };
		1EC1CAE3263A95190074239B /* EssentialFeed.framework in Frameworks */ = {isa = PBXBuildFile; fileRef = 1EC1CAD9263A95190074239B /* EssentialFeed.framework */; };
		1EC1CAF6263A95F00074239B /* FeedImage.swift in Sources */ = {isa = PBXBuildFile; fileRef = 1EC1CAF5263A95F00074239B /* FeedImage.swift */; };
		1EC1CAFC263A98610074239B /* FeedLoader.swift in Sources */ = {isa = PBXBuildFile; fileRef = 1EC1CAFB263A98610074239B /* FeedLoader.swift */; };
		1EC4876D27CFDFFB001F0FCD /* FeedCachePolicy.swift in Sources */ = {isa = PBXBuildFile; fileRef = 1EC4876C27CFDFFB001F0FCD /* FeedCachePolicy.swift */; };
		1EC6F686267B34D500BD5175 /* XCTestCase+MemoryLeakTracking.swift in Sources */ = {isa = PBXBuildFile; fileRef = 1EC6F685267B34D500BD5175 /* XCTestCase+MemoryLeakTracking.swift */; };
		1ED432E926EA41C700DE0A9E /* LocalFeedItem+FeedItem.swift in Sources */ = {isa = PBXBuildFile; fileRef = 1ED432E826EA41C700DE0A9E /* LocalFeedItem+FeedItem.swift */; };
		1ED432EB26EA429A00DE0A9E /* LoadFromCacheUseCaseTests.swift in Sources */ = {isa = PBXBuildFile; fileRef = 1ED432EA26EA429A00DE0A9E /* LoadFromCacheUseCaseTests.swift */; };
		1ED432ED26EA42E500DE0A9E /* SpyStore.swift in Sources */ = {isa = PBXBuildFile; fileRef = 1ED432EC26EA42E500DE0A9E /* SpyStore.swift */; };
		1ED432F026EA998500DE0A9E /* NSError+Any.swift in Sources */ = {isa = PBXBuildFile; fileRef = 1ED432EF26EA998500DE0A9E /* NSError+Any.swift */; };
		1ED6F77A26EBD01600981200 /* FeedItem+TestData.swift in Sources */ = {isa = PBXBuildFile; fileRef = 1ED6F77926EBD01600981200 /* FeedItem+TestData.swift */; };
		1ED9295E26A169E7003A63EC /* LoadFeedFromCacheUseCaseTests.swift in Sources */ = {isa = PBXBuildFile; fileRef = 1ED9295D26A169E7003A63EC /* LoadFeedFromCacheUseCaseTests.swift */; };
		1ED9DA94264E739D00169C39 /* RemoteFeedLoader.swift in Sources */ = {isa = PBXBuildFile; fileRef = 1ED9DA93264E739D00169C39 /* RemoteFeedLoader.swift */; };
		E251F2612803205300CB59E6 /* URL+invalid.swift in Sources */ = {isa = PBXBuildFile; fileRef = E251F2602803205300CB59E6 /* URL+invalid.swift */; };
		E251F2632803252700CB59E6 /* CodableFeedStore.swift in Sources */ = {isa = PBXBuildFile; fileRef = E251F2622803252700CB59E6 /* CodableFeedStore.swift */; };
		E2705B23280DA204005A2922 /* URLSessionHTTPClient.swift in Sources */ = {isa = PBXBuildFile; fileRef = E2705B22280DA204005A2922 /* URLSessionHTTPClient.swift */; };
/* End PBXBuildFile section */

/* Begin PBXContainerItemProxy section */
		1E2B5858268319690083BB41 /* PBXContainerItemProxy */ = {
			isa = PBXContainerItemProxy;
			containerPortal = 1EC1CAD0263A95190074239B /* Project object */;
			proxyType = 1;
			remoteGlobalIDString = 1EC1CAD8263A95190074239B;
			remoteInfo = EssentialFeed;
		};
		1EC1CAE4263A95190074239B /* PBXContainerItemProxy */ = {
			isa = PBXContainerItemProxy;
			containerPortal = 1EC1CAD0263A95190074239B /* Project object */;
			proxyType = 1;
			remoteGlobalIDString = 1EC1CAD8263A95190074239B;
			remoteInfo = EssentialFeed;
		};
/* End PBXContainerItemProxy section */

/* Begin PBXFileReference section */
		1E05824426BD2508004934A2 /* FeedStore.swift */ = {isa = PBXFileReference; lastKnownFileType = sourcecode.swift; path = FeedStore.swift; sourceTree = "<group>"; };
		1E2B5852268319690083BB41 /* EssentialFeedAPIEndToEndTests.xctest */ = {isa = PBXFileReference; explicitFileType = wrapper.cfbundle; includeInIndex = 0; path = EssentialFeedAPIEndToEndTests.xctest; sourceTree = BUILT_PRODUCTS_DIR; };
		1E2B5854268319690083BB41 /* EssentialFeedAPIEndToEndTests.swift */ = {isa = PBXFileReference; lastKnownFileType = sourcecode.swift; path = EssentialFeedAPIEndToEndTests.swift; sourceTree = "<group>"; };
		1E2B5856268319690083BB41 /* Info.plist */ = {isa = PBXFileReference; lastKnownFileType = text.plist.xml; path = Info.plist; sourceTree = "<group>"; };
		1E4316C327B1627000847F64 /* ValidateCacheUseCaseTests.swift */ = {isa = PBXFileReference; lastKnownFileType = sourcecode.swift; path = ValidateCacheUseCaseTests.swift; sourceTree = "<group>"; };
		1E49678927D6C74300C16887 /* CodableFeedStoreTests.swift */ = {isa = PBXFileReference; lastKnownFileType = sourcecode.swift; path = CodableFeedStoreTests.swift; sourceTree = "<group>"; };
		1E4E4C7A26BBC63100ECB9E6 /* LocalFeedLoader.swift */ = {isa = PBXFileReference; lastKnownFileType = sourcecode.swift; path = LocalFeedLoader.swift; sourceTree = "<group>"; };
		1E60C1FC26EBE3BA002F3F6E /* Date+ChangeTime.swift */ = {isa = PBXFileReference; lastKnownFileType = sourcecode.swift; path = "Date+ChangeTime.swift"; sourceTree = "<group>"; };
		1E65085C268DA09300B5BB21 /* ImageItem.swift */ = {isa = PBXFileReference; lastKnownFileType = sourcecode.swift; path = ImageItem.swift; sourceTree = "<group>"; };
		1E65085E268DA0D400B5BB21 /* FeedImageDataLoader.swift */ = {isa = PBXFileReference; lastKnownFileType = sourcecode.swift; path = FeedImageDataLoader.swift; sourceTree = "<group>"; };
		1E6B9F2926C0697F00F99DFA /* LocalFeedImage.swift */ = {isa = PBXFileReference; lastKnownFileType = sourcecode.swift; path = LocalFeedImage.swift; sourceTree = "<group>"; };
		1E6B9F2B26C069A500F99DFA /* RemoteFeedItem.swift */ = {isa = PBXFileReference; lastKnownFileType = sourcecode.swift; path = RemoteFeedItem.swift; sourceTree = "<group>"; };
		1E6B9F2D26C069C400F99DFA /* CacheFeedLoader.swift */ = {isa = PBXFileReference; lastKnownFileType = sourcecode.swift; path = CacheFeedLoader.swift; sourceTree = "<group>"; };
		1E6F11142647D917005F9F2B /* LoadFeedFromRemoteUseCaseTests.swift */ = {isa = PBXFileReference; lastKnownFileType = sourcecode.swift; path = LoadFeedFromRemoteUseCaseTests.swift; sourceTree = "<group>"; };
		1E7733E626733A1800277C35 /* URLSessionHTTPClientTests.swift */ = {isa = PBXFileReference; lastKnownFileType = sourcecode.swift; path = URLSessionHTTPClientTests.swift; sourceTree = "<group>"; };
		1E7EE27827A6DB60006BB895 /* LocalFeedItem+TestData.swift */ = {isa = PBXFileReference; lastKnownFileType = sourcecode.swift; path = "LocalFeedItem+TestData.swift"; sourceTree = "<group>"; };
		1E89FB8B266A788A00B1421B /* HTTPClient.swift */ = {isa = PBXFileReference; lastKnownFileType = sourcecode.swift; path = HTTPClient.swift; sourceTree = "<group>"; };
		1E89FB8D266A795A00B1421B /* FeedItemMapper.swift */ = {isa = PBXFileReference; lastKnownFileType = sourcecode.swift; path = FeedItemMapper.swift; sourceTree = "<group>"; };
		1EC1CAD9263A95190074239B /* EssentialFeed.framework */ = {isa = PBXFileReference; explicitFileType = wrapper.framework; includeInIndex = 0; path = EssentialFeed.framework; sourceTree = BUILT_PRODUCTS_DIR; };
		1EC1CADD263A95190074239B /* Info.plist */ = {isa = PBXFileReference; lastKnownFileType = text.plist.xml; path = Info.plist; sourceTree = "<group>"; };
		1EC1CAE2263A95190074239B /* EssentialFeedTests.xctest */ = {isa = PBXFileReference; explicitFileType = wrapper.cfbundle; includeInIndex = 0; path = EssentialFeedTests.xctest; sourceTree = BUILT_PRODUCTS_DIR; };
		1EC1CAE9263A95190074239B /* Info.plist */ = {isa = PBXFileReference; lastKnownFileType = text.plist.xml; path = Info.plist; sourceTree = "<group>"; };
		1EC1CAF5263A95F00074239B /* FeedImage.swift */ = {isa = PBXFileReference; lastKnownFileType = sourcecode.swift; path = FeedImage.swift; sourceTree = "<group>"; };
		1EC1CAFB263A98610074239B /* FeedLoader.swift */ = {isa = PBXFileReference; lastKnownFileType = sourcecode.swift; path = FeedLoader.swift; sourceTree = "<group>"; };
		1EC4876C27CFDFFB001F0FCD /* FeedCachePolicy.swift */ = {isa = PBXFileReference; lastKnownFileType = sourcecode.swift; path = FeedCachePolicy.swift; sourceTree = "<group>"; };
		1EC6F685267B34D500BD5175 /* XCTestCase+MemoryLeakTracking.swift */ = {isa = PBXFileReference; lastKnownFileType = sourcecode.swift; path = "XCTestCase+MemoryLeakTracking.swift"; sourceTree = "<group>"; };
		1ED432E826EA41C700DE0A9E /* LocalFeedItem+FeedItem.swift */ = {isa = PBXFileReference; lastKnownFileType = sourcecode.swift; path = "LocalFeedItem+FeedItem.swift"; sourceTree = "<group>"; };
		1ED432EA26EA429A00DE0A9E /* LoadFromCacheUseCaseTests.swift */ = {isa = PBXFileReference; lastKnownFileType = sourcecode.swift; path = LoadFromCacheUseCaseTests.swift; sourceTree = "<group>"; };
		1ED432EC26EA42E500DE0A9E /* SpyStore.swift */ = {isa = PBXFileReference; lastKnownFileType = sourcecode.swift; path = SpyStore.swift; sourceTree = "<group>"; };
		1ED432EF26EA998500DE0A9E /* NSError+Any.swift */ = {isa = PBXFileReference; lastKnownFileType = sourcecode.swift; path = "NSError+Any.swift"; sourceTree = "<group>"; };
		1ED6F77926EBD01600981200 /* FeedItem+TestData.swift */ = {isa = PBXFileReference; lastKnownFileType = sourcecode.swift; path = "FeedItem+TestData.swift"; sourceTree = "<group>"; };
		1ED9295D26A169E7003A63EC /* LoadFeedFromCacheUseCaseTests.swift */ = {isa = PBXFileReference; lastKnownFileType = sourcecode.swift; path = LoadFeedFromCacheUseCaseTests.swift; sourceTree = "<group>"; };
		1ED9DA93264E739D00169C39 /* RemoteFeedLoader.swift */ = {isa = PBXFileReference; lastKnownFileType = sourcecode.swift; path = RemoteFeedLoader.swift; sourceTree = "<group>"; };
		E251F2602803205300CB59E6 /* URL+invalid.swift */ = {isa = PBXFileReference; lastKnownFileType = sourcecode.swift; path = "URL+invalid.swift"; sourceTree = "<group>"; };
		E251F2622803252700CB59E6 /* CodableFeedStore.swift */ = {isa = PBXFileReference; lastKnownFileType = sourcecode.swift; path = CodableFeedStore.swift; sourceTree = "<group>"; };
		E2705B22280DA204005A2922 /* URLSessionHTTPClient.swift */ = {isa = PBXFileReference; lastKnownFileType = sourcecode.swift; path = URLSessionHTTPClient.swift; sourceTree = "<group>"; };
/* End PBXFileReference section */

/* Begin PBXFrameworksBuildPhase section */
		1E2B584F268319690083BB41 /* Frameworks */ = {
			isa = PBXFrameworksBuildPhase;
			buildActionMask = 2147483647;
			files = (
				1E2B5857268319690083BB41 /* EssentialFeed.framework in Frameworks */,
			);
			runOnlyForDeploymentPostprocessing = 0;
		};
		1EC1CAD6263A95190074239B /* Frameworks */ = {
			isa = PBXFrameworksBuildPhase;
			buildActionMask = 2147483647;
			files = (
			);
			runOnlyForDeploymentPostprocessing = 0;
		};
		1EC1CADF263A95190074239B /* Frameworks */ = {
			isa = PBXFrameworksBuildPhase;
			buildActionMask = 2147483647;
			files = (
				1EC1CAE3263A95190074239B /* EssentialFeed.framework in Frameworks */,
			);
			runOnlyForDeploymentPostprocessing = 0;
		};
/* End PBXFrameworksBuildPhase section */

/* Begin PBXGroup section */
		1E2B5853268319690083BB41 /* EssentialFeedAPIEndToEndTests */ = {
			isa = PBXGroup;
			children = (
				1E2B5854268319690083BB41 /* EssentialFeedAPIEndToEndTests.swift */,
				1E2B5856268319690083BB41 /* Info.plist */,
			);
			path = EssentialFeedAPIEndToEndTests;
			sourceTree = "<group>";
		};
		1E42A7E7266C2784008D57F1 /* Feed API */ = {
			isa = PBXGroup;
			children = (
				1E6F11142647D917005F9F2B /* LoadFeedFromRemoteUseCaseTests.swift */,
				1E7733E626733A1800277C35 /* URLSessionHTTPClientTests.swift */,
			);
			path = "Feed API";
			sourceTree = "<group>";
		};
		1E4E4C7926BBC61100ECB9E6 /* Feed Cache */ = {
			isa = PBXGroup;
			children = (
				1E4E4C7A26BBC63100ECB9E6 /* LocalFeedLoader.swift */,
				1E6B9F2D26C069C400F99DFA /* CacheFeedLoader.swift */,
				1E05824426BD2508004934A2 /* FeedStore.swift */,
				1E6B9F2926C0697F00F99DFA /* LocalFeedImage.swift */,
				1ED432E826EA41C700DE0A9E /* LocalFeedItem+FeedItem.swift */,
				1EC4876C27CFDFFB001F0FCD /* FeedCachePolicy.swift */,
				E251F2622803252700CB59E6 /* CodableFeedStore.swift */,
			);
			path = "Feed Cache";
			sourceTree = "<group>";
		};
		1EC1CACF263A95190074239B = {
			isa = PBXGroup;
			children = (
				1EC1CADB263A95190074239B /* EssentialFeed */,
				1EC1CAE6263A95190074239B /* EssentialFeedTests */,
				1E2B5853268319690083BB41 /* EssentialFeedAPIEndToEndTests */,
				1EC1CADA263A95190074239B /* Products */,
			);
			sourceTree = "<group>";
		};
		1EC1CADA263A95190074239B /* Products */ = {
			isa = PBXGroup;
			children = (
				1EC1CAD9263A95190074239B /* EssentialFeed.framework */,
				1EC1CAE2263A95190074239B /* EssentialFeedTests.xctest */,
				1E2B5852268319690083BB41 /* EssentialFeedAPIEndToEndTests.xctest */,
			);
			name = Products;
			sourceTree = "<group>";
		};
		1EC1CADB263A95190074239B /* EssentialFeed */ = {
			isa = PBXGroup;
			children = (
				1EC1CADD263A95190074239B /* Info.plist */,
				1EC1CAFF263A99490074239B /* Feed Feature */,
				1ED9DA92264E739000169C39 /* Feed API */,
				1E4E4C7926BBC61100ECB9E6 /* Feed Cache */,
			);
			path = EssentialFeed;
			sourceTree = "<group>";
		};
		1EC1CAE6263A95190074239B /* EssentialFeedTests */ = {
			isa = PBXGroup;
			children = (
				1EC1CAE9263A95190074239B /* Info.plist */,
				1EC6F684267B349C00BD5175 /* Helper */,
				1E42A7E7266C2784008D57F1 /* Feed API */,
				1ED9295F26A169F5003A63EC /* Cache Feed */,
			);
			path = EssentialFeedTests;
			sourceTree = "<group>";
		};
		1EC1CAFF263A99490074239B /* Feed Feature */ = {
			isa = PBXGroup;
			children = (
				1EC1CAF5263A95F00074239B /* FeedImage.swift */,
				1E65085E268DA0D400B5BB21 /* FeedImageDataLoader.swift */,
				1E65085C268DA09300B5BB21 /* ImageItem.swift */,
			);
			path = "Feed Feature";
			sourceTree = "<group>";
		};
		1EC6F684267B349C00BD5175 /* Helper */ = {
			isa = PBXGroup;
			children = (
				1EC6F685267B34D500BD5175 /* XCTestCase+MemoryLeakTracking.swift */,
			);
			path = Helper;
			sourceTree = "<group>";
		};
		1ED432EE26EA996A00DE0A9E /* Helpers */ = {
			isa = PBXGroup;
			children = (
				1ED432EF26EA998500DE0A9E /* NSError+Any.swift */,
				1ED6F77926EBD01600981200 /* FeedItem+TestData.swift */,
				1E7EE27827A6DB60006BB895 /* LocalFeedItem+TestData.swift */,
				1E60C1FC26EBE3BA002F3F6E /* Date+ChangeTime.swift */,
				E251F2602803205300CB59E6 /* URL+invalid.swift */,
			);
			path = Helpers;
			sourceTree = "<group>";
		};
		1ED9295F26A169F5003A63EC /* Cache Feed */ = {
			isa = PBXGroup;
			children = (
				1ED432EE26EA996A00DE0A9E /* Helpers */,
				1ED9295D26A169E7003A63EC /* LoadFeedFromCacheUseCaseTests.swift */,
				1ED432EA26EA429A00DE0A9E /* LoadFromCacheUseCaseTests.swift */,
				1E4316C327B1627000847F64 /* ValidateCacheUseCaseTests.swift */,
				1ED432EC26EA42E500DE0A9E /* SpyStore.swift */,
				1E49678927D6C74300C16887 /* CodableFeedStoreTests.swift */,
			);
			path = "Cache Feed";
			sourceTree = "<group>";
		};
		1ED9DA92264E739000169C39 /* Feed API */ = {
			isa = PBXGroup;
			children = (
				1EC1CAFB263A98610074239B /* FeedLoader.swift */,
				1ED9DA93264E739D00169C39 /* RemoteFeedLoader.swift */,
				1E89FB8B266A788A00B1421B /* HTTPClient.swift */,
				E2705B22280DA204005A2922 /* URLSessionHTTPClient.swift */,
				1E89FB8D266A795A00B1421B /* FeedItemMapper.swift */,
				1E6B9F2B26C069A500F99DFA /* RemoteFeedItem.swift */,
			);
			path = "Feed API";
			sourceTree = "<group>";
		};
/* End PBXGroup section */

/* Begin PBXHeadersBuildPhase section */
		1EC1CAD4263A95190074239B /* Headers */ = {
			isa = PBXHeadersBuildPhase;
			buildActionMask = 2147483647;
			files = (
			);
			runOnlyForDeploymentPostprocessing = 0;
		};
/* End PBXHeadersBuildPhase section */

/* Begin PBXNativeTarget section */
		1E2B5851268319690083BB41 /* EssentialFeedAPIEndToEndTests */ = {
			isa = PBXNativeTarget;
			buildConfigurationList = 1E2B585A268319690083BB41 /* Build configuration list for PBXNativeTarget "EssentialFeedAPIEndToEndTests" */;
			buildPhases = (
				1E2B584E268319690083BB41 /* Sources */,
				1E2B584F268319690083BB41 /* Frameworks */,
				1E2B5850268319690083BB41 /* Resources */,
			);
			buildRules = (
			);
			dependencies = (
				1E2B5859268319690083BB41 /* PBXTargetDependency */,
			);
			name = EssentialFeedAPIEndToEndTests;
			productName = EssentialFeedAPIEndToEndTests;
			productReference = 1E2B5852268319690083BB41 /* EssentialFeedAPIEndToEndTests.xctest */;
			productType = "com.apple.product-type.bundle.unit-test";
		};
		1EC1CAD8263A95190074239B /* EssentialFeed */ = {
			isa = PBXNativeTarget;
			buildConfigurationList = 1EC1CAED263A95190074239B /* Build configuration list for PBXNativeTarget "EssentialFeed" */;
			buildPhases = (
				1EC1CAD4263A95190074239B /* Headers */,
				1EC1CAD5263A95190074239B /* Sources */,
				1EC1CAD6263A95190074239B /* Frameworks */,
				1EC1CAD7263A95190074239B /* Resources */,
			);
			buildRules = (
			);
			dependencies = (
			);
			name = EssentialFeed;
			productName = EssentialFeed;
			productReference = 1EC1CAD9263A95190074239B /* EssentialFeed.framework */;
			productType = "com.apple.product-type.framework";
		};
		1EC1CAE1263A95190074239B /* EssentialFeedTests */ = {
			isa = PBXNativeTarget;
			buildConfigurationList = 1EC1CAF0263A95190074239B /* Build configuration list for PBXNativeTarget "EssentialFeedTests" */;
			buildPhases = (
				1EC1CADE263A95190074239B /* Sources */,
				1EC1CADF263A95190074239B /* Frameworks */,
				1EC1CAE0263A95190074239B /* Resources */,
			);
			buildRules = (
			);
			dependencies = (
				1EC1CAE5263A95190074239B /* PBXTargetDependency */,
			);
			name = EssentialFeedTests;
			productName = EssentialFeedTests;
			productReference = 1EC1CAE2263A95190074239B /* EssentialFeedTests.xctest */;
			productType = "com.apple.product-type.bundle.unit-test";
		};
/* End PBXNativeTarget section */

/* Begin PBXProject section */
		1EC1CAD0263A95190074239B /* Project object */ = {
			isa = PBXProject;
			attributes = {
				LastSwiftUpdateCheck = 1250;
				LastUpgradeCheck = 1240;
				TargetAttributes = {
					1E2B5851268319690083BB41 = {
						CreatedOnToolsVersion = 12.5;
					};
					1EC1CAD8263A95190074239B = {
						CreatedOnToolsVersion = 12.4;
						LastSwiftMigration = 1240;
					};
					1EC1CAE1263A95190074239B = {
						CreatedOnToolsVersion = 12.4;
						LastSwiftMigration = 1240;
					};
				};
			};
			buildConfigurationList = 1EC1CAD3263A95190074239B /* Build configuration list for PBXProject "EssentialFeed" */;
			compatibilityVersion = "Xcode 9.3";
			developmentRegion = en;
			hasScannedForEncodings = 0;
			knownRegions = (
				en,
				Base,
			);
			mainGroup = 1EC1CACF263A95190074239B;
			productRefGroup = 1EC1CADA263A95190074239B /* Products */;
			projectDirPath = "";
			projectRoot = "";
			targets = (
				1EC1CAD8263A95190074239B /* EssentialFeed */,
				1EC1CAE1263A95190074239B /* EssentialFeedTests */,
				1E2B5851268319690083BB41 /* EssentialFeedAPIEndToEndTests */,
			);
		};
/* End PBXProject section */

/* Begin PBXResourcesBuildPhase section */
		1E2B5850268319690083BB41 /* Resources */ = {
			isa = PBXResourcesBuildPhase;
			buildActionMask = 2147483647;
			files = (
			);
			runOnlyForDeploymentPostprocessing = 0;
		};
		1EC1CAD7263A95190074239B /* Resources */ = {
			isa = PBXResourcesBuildPhase;
			buildActionMask = 2147483647;
			files = (
			);
			runOnlyForDeploymentPostprocessing = 0;
		};
		1EC1CAE0263A95190074239B /* Resources */ = {
			isa = PBXResourcesBuildPhase;
			buildActionMask = 2147483647;
			files = (
			);
			runOnlyForDeploymentPostprocessing = 0;
		};
/* End PBXResourcesBuildPhase section */

/* Begin PBXSourcesBuildPhase section */
		1E2B584E268319690083BB41 /* Sources */ = {
			isa = PBXSourcesBuildPhase;
			buildActionMask = 2147483647;
			files = (
				1E2B5855268319690083BB41 /* EssentialFeedAPIEndToEndTests.swift in Sources */,
				1E2B585D26831BB60083BB41 /* XCTestCase+MemoryLeakTracking.swift in Sources */,
			);
			runOnlyForDeploymentPostprocessing = 0;
		};
		1EC1CAD5263A95190074239B /* Sources */ = {
			isa = PBXSourcesBuildPhase;
			buildActionMask = 2147483647;
			files = (
				1E05824526BD2508004934A2 /* FeedStore.swift in Sources */,
				1EC1CAFC263A98610074239B /* FeedLoader.swift in Sources */,
				1EC4876D27CFDFFB001F0FCD /* FeedCachePolicy.swift in Sources */,
				1E89FB8E266A795A00B1421B /* FeedItemMapper.swift in Sources */,
				1E6B9F2E26C069C400F99DFA /* CacheFeedLoader.swift in Sources */,
				E251F2632803252700CB59E6 /* CodableFeedStore.swift in Sources */,
				1E89FB8C266A788A00B1421B /* HTTPClient.swift in Sources */,
				1E6B9F2A26C0697F00F99DFA /* LocalFeedImage.swift in Sources */,
				1ED9DA94264E739D00169C39 /* RemoteFeedLoader.swift in Sources */,
				1EC1CAF6263A95F00074239B /* FeedImage.swift in Sources */,
				1E65085D268DA09300B5BB21 /* ImageItem.swift in Sources */,
				E2705B23280DA204005A2922 /* URLSessionHTTPClient.swift in Sources */,
				1E4E4C7B26BBC63100ECB9E6 /* LocalFeedLoader.swift in Sources */,
				1ED432E926EA41C700DE0A9E /* LocalFeedItem+FeedItem.swift in Sources */,
				1E6B9F2C26C069A500F99DFA /* RemoteFeedItem.swift in Sources */,
				1E65085F268DA0D400B5BB21 /* FeedImageDataLoader.swift in Sources */,
			);
			runOnlyForDeploymentPostprocessing = 0;
		};
		1EC1CADE263A95190074239B /* Sources */ = {
			isa = PBXSourcesBuildPhase;
			buildActionMask = 2147483647;
			files = (
				1E49678A27D6C74300C16887 /* CodableFeedStoreTests.swift in Sources */,
				E251F2612803205300CB59E6 /* URL+invalid.swift in Sources */,
				1E7EE27927A6DB60006BB895 /* LocalFeedItem+TestData.swift in Sources */,
				1ED9295E26A169E7003A63EC /* LoadFeedFromCacheUseCaseTests.swift in Sources */,
				1ED432F026EA998500DE0A9E /* NSError+Any.swift in Sources */,
				1E4316C427B1627000847F64 /* ValidateCacheUseCaseTests.swift in Sources */,
				1E6F11152647D917005F9F2B /* LoadFeedFromRemoteUseCaseTests.swift in Sources */,
				1E60C1FD26EBE3BA002F3F6E /* Date+ChangeTime.swift in Sources */,
				1ED432ED26EA42E500DE0A9E /* SpyStore.swift in Sources */,
				1E7733E726733A1800277C35 /* URLSessionHTTPClientTests.swift in Sources */,
				1ED432EB26EA429A00DE0A9E /* LoadFromCacheUseCaseTests.swift in Sources */,
				1ED6F77A26EBD01600981200 /* FeedItem+TestData.swift in Sources */,
				1EC6F686267B34D500BD5175 /* XCTestCase+MemoryLeakTracking.swift in Sources */,
			);
			runOnlyForDeploymentPostprocessing = 0;
		};
/* End PBXSourcesBuildPhase section */

/* Begin PBXTargetDependency section */
		1E2B5859268319690083BB41 /* PBXTargetDependency */ = {
			isa = PBXTargetDependency;
			target = 1EC1CAD8263A95190074239B /* EssentialFeed */;
			targetProxy = 1E2B5858268319690083BB41 /* PBXContainerItemProxy */;
		};
		1EC1CAE5263A95190074239B /* PBXTargetDependency */ = {
			isa = PBXTargetDependency;
			target = 1EC1CAD8263A95190074239B /* EssentialFeed */;
			targetProxy = 1EC1CAE4263A95190074239B /* PBXContainerItemProxy */;
		};
/* End PBXTargetDependency section */

/* Begin XCBuildConfiguration section */
		1E2B585B268319690083BB41 /* Debug */ = {
			isa = XCBuildConfiguration;
			buildSettings = {
				CODE_SIGN_STYLE = Automatic;
				COMBINE_HIDPI_IMAGES = YES;
				DEVELOPMENT_TEAM = LG4XB4J5E3;
				INFOPLIST_FILE = EssentialFeedAPIEndToEndTests/Info.plist;
				LD_RUNPATH_SEARCH_PATHS = (
					"$(inherited)",
					"@executable_path/../Frameworks",
					"@loader_path/../Frameworks",
				);
				MACOSX_DEPLOYMENT_TARGET = 11.3;
				PRODUCT_BUNDLE_IDENTIFIER = com.ahmad.atef.EssentialFeedAPIEndToEndTests;
				PRODUCT_NAME = "$(TARGET_NAME)";
				SWIFT_VERSION = 5.0;
			};
			name = Debug;
		};
		1E2B585C268319690083BB41 /* Release */ = {
			isa = XCBuildConfiguration;
			buildSettings = {
				CODE_SIGN_STYLE = Automatic;
				COMBINE_HIDPI_IMAGES = YES;
				DEVELOPMENT_TEAM = LG4XB4J5E3;
				INFOPLIST_FILE = EssentialFeedAPIEndToEndTests/Info.plist;
				LD_RUNPATH_SEARCH_PATHS = (
					"$(inherited)",
					"@executable_path/../Frameworks",
					"@loader_path/../Frameworks",
				);
				MACOSX_DEPLOYMENT_TARGET = 11.3;
				PRODUCT_BUNDLE_IDENTIFIER = com.ahmad.atef.EssentialFeedAPIEndToEndTests;
				PRODUCT_NAME = "$(TARGET_NAME)";
				SWIFT_VERSION = 5.0;
			};
			name = Release;
		};
		1EC1CAEB263A95190074239B /* Debug */ = {
			isa = XCBuildConfiguration;
			buildSettings = {
				ALWAYS_SEARCH_USER_PATHS = NO;
				CLANG_ANALYZER_NONNULL = YES;
				CLANG_ANALYZER_NUMBER_OBJECT_CONVERSION = YES_AGGRESSIVE;
				CLANG_CXX_LANGUAGE_STANDARD = "gnu++14";
				CLANG_CXX_LIBRARY = "libc++";
				CLANG_ENABLE_MODULES = YES;
				CLANG_ENABLE_OBJC_ARC = YES;
				CLANG_ENABLE_OBJC_WEAK = YES;
				CLANG_WARN_BLOCK_CAPTURE_AUTORELEASING = YES;
				CLANG_WARN_BOOL_CONVERSION = YES;
				CLANG_WARN_COMMA = YES;
				CLANG_WARN_CONSTANT_CONVERSION = YES;
				CLANG_WARN_DEPRECATED_OBJC_IMPLEMENTATIONS = YES;
				CLANG_WARN_DIRECT_OBJC_ISA_USAGE = YES_ERROR;
				CLANG_WARN_DOCUMENTATION_COMMENTS = YES;
				CLANG_WARN_EMPTY_BODY = YES;
				CLANG_WARN_ENUM_CONVERSION = YES;
				CLANG_WARN_INFINITE_RECURSION = YES;
				CLANG_WARN_INT_CONVERSION = YES;
				CLANG_WARN_NON_LITERAL_NULL_CONVERSION = YES;
				CLANG_WARN_OBJC_IMPLICIT_RETAIN_SELF = YES;
				CLANG_WARN_OBJC_LITERAL_CONVERSION = YES;
				CLANG_WARN_OBJC_ROOT_CLASS = YES_ERROR;
				CLANG_WARN_QUOTED_INCLUDE_IN_FRAMEWORK_HEADER = YES;
				CLANG_WARN_RANGE_LOOP_ANALYSIS = YES;
				CLANG_WARN_STRICT_PROTOTYPES = YES;
				CLANG_WARN_SUSPICIOUS_MOVE = YES;
				CLANG_WARN_UNGUARDED_AVAILABILITY = YES_AGGRESSIVE;
				CLANG_WARN_UNREACHABLE_CODE = YES;
				CLANG_WARN__DUPLICATE_METHOD_MATCH = YES;
				COPY_PHASE_STRIP = NO;
				CURRENT_PROJECT_VERSION = 1;
				DEBUG_INFORMATION_FORMAT = dwarf;
				ENABLE_STRICT_OBJC_MSGSEND = YES;
				ENABLE_TESTABILITY = YES;
				GCC_C_LANGUAGE_STANDARD = gnu11;
				GCC_DYNAMIC_NO_PIC = NO;
				GCC_NO_COMMON_BLOCKS = YES;
				GCC_OPTIMIZATION_LEVEL = 0;
				GCC_PREPROCESSOR_DEFINITIONS = (
					"DEBUG=1",
					"$(inherited)",
				);
				GCC_WARN_64_TO_32_BIT_CONVERSION = YES;
				GCC_WARN_ABOUT_RETURN_TYPE = YES_ERROR;
				GCC_WARN_UNDECLARED_SELECTOR = YES;
				GCC_WARN_UNINITIALIZED_AUTOS = YES_AGGRESSIVE;
				GCC_WARN_UNUSED_FUNCTION = YES;
				GCC_WARN_UNUSED_VARIABLE = YES;
				MACOSX_DEPLOYMENT_TARGET = 11.1;
				MTL_ENABLE_DEBUG_INFO = INCLUDE_SOURCE;
				MTL_FAST_MATH = YES;
				ONLY_ACTIVE_ARCH = YES;
				SDKROOT = macosx;
				SWIFT_ACTIVE_COMPILATION_CONDITIONS = DEBUG;
				SWIFT_OPTIMIZATION_LEVEL = "-Onone";
				VERSIONING_SYSTEM = "apple-generic";
				VERSION_INFO_PREFIX = "";
			};
			name = Debug;
		};
		1EC1CAEC263A95190074239B /* Release */ = {
			isa = XCBuildConfiguration;
			buildSettings = {
				ALWAYS_SEARCH_USER_PATHS = NO;
				CLANG_ANALYZER_NONNULL = YES;
				CLANG_ANALYZER_NUMBER_OBJECT_CONVERSION = YES_AGGRESSIVE;
				CLANG_CXX_LANGUAGE_STANDARD = "gnu++14";
				CLANG_CXX_LIBRARY = "libc++";
				CLANG_ENABLE_MODULES = YES;
				CLANG_ENABLE_OBJC_ARC = YES;
				CLANG_ENABLE_OBJC_WEAK = YES;
				CLANG_WARN_BLOCK_CAPTURE_AUTORELEASING = YES;
				CLANG_WARN_BOOL_CONVERSION = YES;
				CLANG_WARN_COMMA = YES;
				CLANG_WARN_CONSTANT_CONVERSION = YES;
				CLANG_WARN_DEPRECATED_OBJC_IMPLEMENTATIONS = YES;
				CLANG_WARN_DIRECT_OBJC_ISA_USAGE = YES_ERROR;
				CLANG_WARN_DOCUMENTATION_COMMENTS = YES;
				CLANG_WARN_EMPTY_BODY = YES;
				CLANG_WARN_ENUM_CONVERSION = YES;
				CLANG_WARN_INFINITE_RECURSION = YES;
				CLANG_WARN_INT_CONVERSION = YES;
				CLANG_WARN_NON_LITERAL_NULL_CONVERSION = YES;
				CLANG_WARN_OBJC_IMPLICIT_RETAIN_SELF = YES;
				CLANG_WARN_OBJC_LITERAL_CONVERSION = YES;
				CLANG_WARN_OBJC_ROOT_CLASS = YES_ERROR;
				CLANG_WARN_QUOTED_INCLUDE_IN_FRAMEWORK_HEADER = YES;
				CLANG_WARN_RANGE_LOOP_ANALYSIS = YES;
				CLANG_WARN_STRICT_PROTOTYPES = YES;
				CLANG_WARN_SUSPICIOUS_MOVE = YES;
				CLANG_WARN_UNGUARDED_AVAILABILITY = YES_AGGRESSIVE;
				CLANG_WARN_UNREACHABLE_CODE = YES;
				CLANG_WARN__DUPLICATE_METHOD_MATCH = YES;
				COPY_PHASE_STRIP = NO;
				CURRENT_PROJECT_VERSION = 1;
				DEBUG_INFORMATION_FORMAT = "dwarf-with-dsym";
				ENABLE_NS_ASSERTIONS = NO;
				ENABLE_STRICT_OBJC_MSGSEND = YES;
				GCC_C_LANGUAGE_STANDARD = gnu11;
				GCC_NO_COMMON_BLOCKS = YES;
				GCC_WARN_64_TO_32_BIT_CONVERSION = YES;
				GCC_WARN_ABOUT_RETURN_TYPE = YES_ERROR;
				GCC_WARN_UNDECLARED_SELECTOR = YES;
				GCC_WARN_UNINITIALIZED_AUTOS = YES_AGGRESSIVE;
				GCC_WARN_UNUSED_FUNCTION = YES;
				GCC_WARN_UNUSED_VARIABLE = YES;
				MACOSX_DEPLOYMENT_TARGET = 11.1;
				MTL_ENABLE_DEBUG_INFO = NO;
				MTL_FAST_MATH = YES;
				SDKROOT = macosx;
				SWIFT_COMPILATION_MODE = wholemodule;
				SWIFT_OPTIMIZATION_LEVEL = "-O";
				VERSIONING_SYSTEM = "apple-generic";
				VERSION_INFO_PREFIX = "";
			};
			name = Release;
		};
		1EC1CAEE263A95190074239B /* Debug */ = {
			isa = XCBuildConfiguration;
			buildSettings = {
				CLANG_ENABLE_MODULES = YES;
				CODE_SIGN_STYLE = Automatic;
				COMBINE_HIDPI_IMAGES = YES;
				DEFINES_MODULE = YES;
				DEVELOPMENT_TEAM = LG4XB4J5E3;
				DYLIB_COMPATIBILITY_VERSION = 1;
				DYLIB_CURRENT_VERSION = 1;
				DYLIB_INSTALL_NAME_BASE = "@rpath";
				INFOPLIST_FILE = EssentialFeed/Info.plist;
				INSTALL_PATH = "$(LOCAL_LIBRARY_DIR)/Frameworks";
				LD_RUNPATH_SEARCH_PATHS = (
					"$(inherited)",
					"@executable_path/../Frameworks",
					"@loader_path/Frameworks",
				);
				PRODUCT_BUNDLE_IDENTIFIER = com.essentialdeveloper.EssentialFeed;
				PRODUCT_NAME = "$(TARGET_NAME:c99extidentifier)";
				SKIP_INSTALL = YES;
				SWIFT_OPTIMIZATION_LEVEL = "-Onone";
				SWIFT_VERSION = 5.0;
			};
			name = Debug;
		};
		1EC1CAEF263A95190074239B /* Release */ = {
			isa = XCBuildConfiguration;
			buildSettings = {
				CLANG_ENABLE_MODULES = YES;
				CODE_SIGN_STYLE = Automatic;
				COMBINE_HIDPI_IMAGES = YES;
				DEFINES_MODULE = YES;
				DEVELOPMENT_TEAM = LG4XB4J5E3;
				DYLIB_COMPATIBILITY_VERSION = 1;
				DYLIB_CURRENT_VERSION = 1;
				DYLIB_INSTALL_NAME_BASE = "@rpath";
				INFOPLIST_FILE = EssentialFeed/Info.plist;
				INSTALL_PATH = "$(LOCAL_LIBRARY_DIR)/Frameworks";
				LD_RUNPATH_SEARCH_PATHS = (
					"$(inherited)",
					"@executable_path/../Frameworks",
					"@loader_path/Frameworks",
				);
				PRODUCT_BUNDLE_IDENTIFIER = com.essentialdeveloper.EssentialFeed;
				PRODUCT_NAME = "$(TARGET_NAME:c99extidentifier)";
				SKIP_INSTALL = YES;
				SWIFT_VERSION = 5.0;
			};
			name = Release;
		};
		1EC1CAF1263A95190074239B /* Debug */ = {
			isa = XCBuildConfiguration;
			buildSettings = {
				ALWAYS_EMBED_SWIFT_STANDARD_LIBRARIES = YES;
				CLANG_ENABLE_MODULES = YES;
				CODE_SIGN_STYLE = Automatic;
				COMBINE_HIDPI_IMAGES = YES;
				DEVELOPMENT_TEAM = LG4XB4J5E3;
				INFOPLIST_FILE = EssentialFeedTests/Info.plist;
				LD_RUNPATH_SEARCH_PATHS = (
					"$(inherited)",
					"@executable_path/../Frameworks",
					"@loader_path/../Frameworks",
				);
				PRODUCT_BUNDLE_IDENTIFIER = com.essentialdeveloper.EssentialFeedTests;
				PRODUCT_NAME = "$(TARGET_NAME)";
				SWIFT_OPTIMIZATION_LEVEL = "-Onone";
				SWIFT_VERSION = 5.0;
			};
			name = Debug;
		};
		1EC1CAF2263A95190074239B /* Release */ = {
			isa = XCBuildConfiguration;
			buildSettings = {
				ALWAYS_EMBED_SWIFT_STANDARD_LIBRARIES = YES;
				CLANG_ENABLE_MODULES = YES;
				CODE_SIGN_STYLE = Automatic;
				COMBINE_HIDPI_IMAGES = YES;
				DEVELOPMENT_TEAM = LG4XB4J5E3;
				INFOPLIST_FILE = EssentialFeedTests/Info.plist;
				LD_RUNPATH_SEARCH_PATHS = (
					"$(inherited)",
					"@executable_path/../Frameworks",
					"@loader_path/../Frameworks",
				);
				PRODUCT_BUNDLE_IDENTIFIER = com.essentialdeveloper.EssentialFeedTests;
				PRODUCT_NAME = "$(TARGET_NAME)";
				SWIFT_VERSION = 5.0;
			};
			name = Release;
		};
/* End XCBuildConfiguration section */

/* Begin XCConfigurationList section */
		1E2B585A268319690083BB41 /* Build configuration list for PBXNativeTarget "EssentialFeedAPIEndToEndTests" */ = {
			isa = XCConfigurationList;
			buildConfigurations = (
				1E2B585B268319690083BB41 /* Debug */,
				1E2B585C268319690083BB41 /* Release */,
			);
			defaultConfigurationIsVisible = 0;
			defaultConfigurationName = Release;
		};
		1EC1CAD3263A95190074239B /* Build configuration list for PBXProject "EssentialFeed" */ = {
			isa = XCConfigurationList;
			buildConfigurations = (
				1EC1CAEB263A95190074239B /* Debug */,
				1EC1CAEC263A95190074239B /* Release */,
			);
			defaultConfigurationIsVisible = 0;
			defaultConfigurationName = Release;
		};
		1EC1CAED263A95190074239B /* Build configuration list for PBXNativeTarget "EssentialFeed" */ = {
			isa = XCConfigurationList;
			buildConfigurations = (
				1EC1CAEE263A95190074239B /* Debug */,
				1EC1CAEF263A95190074239B /* Release */,
			);
			defaultConfigurationIsVisible = 0;
			defaultConfigurationName = Release;
		};
		1EC1CAF0263A95190074239B /* Build configuration list for PBXNativeTarget "EssentialFeedTests" */ = {
			isa = XCConfigurationList;
			buildConfigurations = (
				1EC1CAF1263A95190074239B /* Debug */,
				1EC1CAF2263A95190074239B /* Release */,
			);
			defaultConfigurationIsVisible = 0;
			defaultConfigurationName = Release;
		};
/* End XCConfigurationList section */
	};
	rootObject = 1EC1CAD0263A95190074239B /* Project object */;
}
